
Microsoft Visual Studio Solution File, Format Version 12.00
# Visual Studio Version 16
VisualStudioVersion = 16.0.32126.315
MinimumVisualStudioVersion = 10.0.40219.1
Project("{FAE04EC0-301F-11D3-BF4B-00C04F79EFBC}") = "DailyReport", "..\..\..\source\repos\DailyReport\DailyReport\DailyReport.csproj", "{8FEA6BE5-F852-4231-9F06-1051291A190E}"
EndProject
Global
	GlobalSection(SolutionConfigurationPlatforms) = preSolution
		Debug|Any CPU = Debug|Any CPU
		Release|Any CPU = Release|Any CPU
	EndGlobalSection
	GlobalSection(ProjectConfigurationPlatforms) = postSolution
		{8FEA6BE5-F852-4231-9F06-1051291A190E}.Debug|Any CPU.ActiveCfg = Debug|Any CPU
		{8FEA6BE5-F852-4231-9F06-1051291A190E}.Debug|Any CPU.Build.0 = Debug|Any CPU
		{8FEA6BE5-F852-4231-9F06-1051291A190E}.Release|Any CPU.ActiveCfg = Release|Any CPU
		{8FEA6BE5-F852-4231-9F06-1051291A190E}.Release|Any CPU.Build.0 = Release|Any CPU
	EndGlobalSection
	GlobalSection(SolutionProperties) = preSolution
		HideSolutionNode = FALSE
	EndGlobalSection
	GlobalSection(ExtensibilityGlobals) = postSolution
		SolutionGuid = {3E8BC2C5-9371-4F7C-9EF3-2D177CC508AE}
	EndGlobalSection
EndGlobal
