
Microsoft Visual Studio Solution File, Format Version 12.00
# Visual Studio Version 16
VisualStudioVersion = 16.0.32126.315
MinimumVisualStudioVersion = 10.0.40219.1
Project("{FAE04EC0-301F-11D3-BF4B-00C04F79EFBC}") = "ArrayStringAssignment", "ArrayStringAssignment\ArrayStringAssignment.csproj", "{F012258E-7292-4503-89B1-370360F92AD5}"
EndProject
Global
	GlobalSection(SolutionConfigurationPlatforms) = preSolution
		Debug|Any CPU = Debug|Any CPU
		Release|Any CPU = Release|Any CPU
	EndGlobalSection
	GlobalSection(ProjectConfigurationPlatforms) = postSolution
		{F012258E-7292-4503-89B1-370360F92AD5}.Debug|Any CPU.ActiveCfg = Debug|Any CPU
		{F012258E-7292-4503-89B1-370360F92AD5}.Debug|Any CPU.Build.0 = Debug|Any CPU
		{F012258E-7292-4503-89B1-370360F92AD5}.Release|Any CPU.ActiveCfg = Release|Any CPU
		{F012258E-7292-4503-89B1-370360F92AD5}.Release|Any CPU.Build.0 = Release|Any CPU
	EndGlobalSection
	GlobalSection(SolutionProperties) = preSolution
		HideSolutionNode = FALSE
	EndGlobalSection
	GlobalSection(ExtensibilityGlobals) = postSolution
		SolutionGuid = {FD291927-E70A-49EC-864D-0E90B32CA717}
	EndGlobalSection
EndGlobal
