
Microsoft Visual Studio Solution File, Format Version 12.00
# Visual Studio Version 16
VisualStudioVersion = 16.0.32126.315
MinimumVisualStudioVersion = 10.0.40219.1
Project("{FAE04EC0-301F-11D3-BF4B-00C04F79EFBC}") = "TechAcadStudentsMVC", "TechAcadStudentsMVC\TechAcadStudentsMVC.csproj", "{D1307BA0-17A4-4918-8A8E-64B3C0D1433A}"
EndProject
Global
	GlobalSection(SolutionConfigurationPlatforms) = preSolution
		Debug|Any CPU = Debug|Any CPU
		Release|Any CPU = Release|Any CPU
	EndGlobalSection
	GlobalSection(ProjectConfigurationPlatforms) = postSolution
		{D1307BA0-17A4-4918-8A8E-64B3C0D1433A}.Debug|Any CPU.ActiveCfg = Debug|Any CPU
		{D1307BA0-17A4-4918-8A8E-64B3C0D1433A}.Debug|Any CPU.Build.0 = Debug|Any CPU
		{D1307BA0-17A4-4918-8A8E-64B3C0D1433A}.Release|Any CPU.ActiveCfg = Release|Any CPU
		{D1307BA0-17A4-4918-8A8E-64B3C0D1433A}.Release|Any CPU.Build.0 = Release|Any CPU
	EndGlobalSection
	GlobalSection(SolutionProperties) = preSolution
		HideSolutionNode = FALSE
	EndGlobalSection
	GlobalSection(ExtensibilityGlobals) = postSolution
		SolutionGuid = {8093E21C-A95D-4ED7-B38A-5972F92274EE}
	EndGlobalSection
EndGlobal
